
Microsoft Visual Studio Solution File, Format Version 12.00
# Visual Studio Version 17
VisualStudioVersion = 17.14.36401.2
MinimumVisualStudioVersion = 10.0.40219.1
Project("{9A19103F-16F7-4668-BE54-9A1E7A4F7556}") = "yummyApp", "YummyProjectDSW\yummyApp.csproj", "{96F73876-F3BB-14F8-C647-B3C35C3CE454}"
EndProject
Project("{9A19103F-16F7-4668-BE54-9A1E7A4F7556}") = "yummyAppUsuarioApi", "yummyAppUsuarioApi\yummyAppUsuarioApi.csproj", "{087815A7-ADD5-9E82-AA04-97E13E548B34}"
EndProject
Project("{9A19103F-16F7-4668-BE54-9A1E7A4F7556}") = "yummyAppVentaApi", "yummyAppVentaApi\yummyAppVentaApi.csproj", "{42483413-880B-458E-B48C-E9B23FBE02B2}"
EndProject
Global
	GlobalSection(SolutionConfigurationPlatforms) = preSolution
		Debug|Any CPU = Debug|Any CPU
		Release|Any CPU = Release|Any CPU
	EndGlobalSection
	GlobalSection(ProjectConfigurationPlatforms) = postSolution
		{96F73876-F3BB-14F8-C647-B3C35C3CE454}.Debug|Any CPU.ActiveCfg = Debug|Any CPU
		{96F73876-F3BB-14F8-C647-B3C35C3CE454}.Debug|Any CPU.Build.0 = Debug|Any CPU
		{96F73876-F3BB-14F8-C647-B3C35C3CE454}.Release|Any CPU.ActiveCfg = Release|Any CPU
		{96F73876-F3BB-14F8-C647-B3C35C3CE454}.Release|Any CPU.Build.0 = Release|Any CPU
		{087815A7-ADD5-9E82-AA04-97E13E548B34}.Debug|Any CPU.ActiveCfg = Debug|Any CPU
		{087815A7-ADD5-9E82-AA04-97E13E548B34}.Debug|Any CPU.Build.0 = Debug|Any CPU
		{087815A7-ADD5-9E82-AA04-97E13E548B34}.Release|Any CPU.ActiveCfg = Release|Any CPU
		{087815A7-ADD5-9E82-AA04-97E13E548B34}.Release|Any CPU.Build.0 = Release|Any CPU
		{42483413-880B-458E-B48C-E9B23FBE02B2}.Debug|Any CPU.ActiveCfg = Debug|Any CPU
		{42483413-880B-458E-B48C-E9B23FBE02B2}.Debug|Any CPU.Build.0 = Debug|Any CPU
		{42483413-880B-458E-B48C-E9B23FBE02B2}.Release|Any CPU.ActiveCfg = Release|Any CPU
		{42483413-880B-458E-B48C-E9B23FBE02B2}.Release|Any CPU.Build.0 = Release|Any CPU
	EndGlobalSection
	GlobalSection(SolutionProperties) = preSolution
		HideSolutionNode = FALSE
	EndGlobalSection
	GlobalSection(ExtensibilityGlobals) = postSolution
		SolutionGuid = {5796657C-D7C8-42EB-B137-CF306F099E62}
	EndGlobalSection
EndGlobal
